
Microsoft Visual Studio Solution File, Format Version 12.00
# Visual Studio 15
VisualStudioVersion = 15.0.26430.15
MinimumVisualStudioVersion = 10.0.40219.1
Project("{FAE04EC0-301F-11D3-BF4B-00C04F79EFBC}") = "WebAppJogo21", "WebAppJogo21\WebAppJogo21.csproj", "{7CCA8AFE-FC8D-4251-B6BE-0ED91B5A9F4C}"
EndProject
Global
	GlobalSection(SolutionConfigurationPlatforms) = preSolution
		Debug|Any CPU = Debug|Any CPU
		Release|Any CPU = Release|Any CPU
	EndGlobalSection
	GlobalSection(ProjectConfigurationPlatforms) = postSolution
		{7CCA8AFE-FC8D-4251-B6BE-0ED91B5A9F4C}.Debug|Any CPU.ActiveCfg = Debug|Any CPU
		{7CCA8AFE-FC8D-4251-B6BE-0ED91B5A9F4C}.Debug|Any CPU.Build.0 = Debug|Any CPU
		{7CCA8AFE-FC8D-4251-B6BE-0ED91B5A9F4C}.Release|Any CPU.ActiveCfg = Release|Any CPU
		{7CCA8AFE-FC8D-4251-B6BE-0ED91B5A9F4C}.Release|Any CPU.Build.0 = Release|Any CPU
	EndGlobalSection
	GlobalSection(SolutionProperties) = preSolution
		HideSolutionNode = FALSE
	EndGlobalSection
EndGlobal
